// !$*UTF8*$!
{
	archiveVersion = 1;
	classes = {
	};
	objectVersion = 50;
	objects = {

/* Begin PBXBuildFile section */
		79762A6C26CE635E00186733 /* TimeZonerApp.swift in Sources */ = {isa = PBXBuildFile; fileRef = 79762A6B26CE635E00186733 /* TimeZonerApp.swift */; };
		79762A7026CE636A00186733 /* Assets.xcassets in Resources */ = {isa = PBXBuildFile; fileRef = 79762A6F26CE636A00186733 /* Assets.xcassets */; };
		79762A7326CE636A00186733 /* Preview Assets.xcassets in Resources */ = {isa = PBXBuildFile; fileRef = 79762A7226CE636A00186733 /* Preview Assets.xcassets */; };
		79762A7B26CE637500186733 /* Watch.swift in Sources */ = {isa = PBXBuildFile; fileRef = 79762A7A26CE637500186733 /* Watch.swift */; };
		79762A7D26CE704D00186733 /* TimezoneList.swift in Sources */ = {isa = PBXBuildFile; fileRef = 79762A7C26CE704D00186733 /* TimezoneList.swift */; };
		79762A7F26CE732000186733 /* Person.swift in Sources */ = {isa = PBXBuildFile; fileRef = 79762A7E26CE732000186733 /* Person.swift */; };
		79762A8326CE77B300186733 /* TimeManager.swift in Sources */ = {isa = PBXBuildFile; fileRef = 79762A8226CE77B300186733 /* TimeManager.swift */; };
		79762A8626CEA5CC00186733 /* AddPersonView.swift in Sources */ = {isa = PBXBuildFile; fileRef = 79762A8526CEA5CC00186733 /* AddPersonView.swift */; };
		79762A8826CEB87100186733 /* MainView.swift in Sources */ = {isa = PBXBuildFile; fileRef = 79762A8726CEB87100186733 /* MainView.swift */; };
		79C6BCFB271ED26C00314327 /* PersonCircle.swift in Sources */ = {isa = PBXBuildFile; fileRef = 79C6BCFA271ED26C00314327 /* PersonCircle.swift */; };
		79C6BCFD271ED28C00314327 /* WatchDrawings.swift in Sources */ = {isa = PBXBuildFile; fileRef = 79C6BCFC271ED28C00314327 /* WatchDrawings.swift */; };
		79C6BCFF271EDACA00314327 /* ZoneChooser.swift in Sources */ = {isa = PBXBuildFile; fileRef = 79C6BCFE271EDACA00314327 /* ZoneChooser.swift */; };
		79C6BD02271EE78600314327 /* ImagePicker.swift in Sources */ = {isa = PBXBuildFile; fileRef = 79C6BD01271EE78600314327 /* ImagePicker.swift */; };
		79C6BD04271EEB3700314327 /* Extension-UIImage+ScaleImage.swift in Sources */ = {isa = PBXBuildFile; fileRef = 79C6BD03271EEB3700314327 /* Extension-UIImage+ScaleImage.swift */; };
		79C6BD06271EEE7400314327 /* PersonsManagementView.swift in Sources */ = {isa = PBXBuildFile; fileRef = 79C6BD05271EEE7400314327 /* PersonsManagementView.swift */; };
/* End PBXBuildFile section */

/* Begin PBXFileReference section */
		79762A6826CE635E00186733 /* TimeZoner.app */ = {isa = PBXFileReference; explicitFileType = wrapper.application; includeInIndex = 0; path = TimeZoner.app; sourceTree = BUILT_PRODUCTS_DIR; };
		79762A6B26CE635E00186733 /* TimeZonerApp.swift */ = {isa = PBXFileReference; lastKnownFileType = sourcecode.swift; path = TimeZonerApp.swift; sourceTree = "<group>"; };
		79762A6F26CE636A00186733 /* Assets.xcassets */ = {isa = PBXFileReference; lastKnownFileType = folder.assetcatalog; path = Assets.xcassets; sourceTree = "<group>"; };
		79762A7226CE636A00186733 /* Preview Assets.xcassets */ = {isa = PBXFileReference; lastKnownFileType = folder.assetcatalog; path = "Preview Assets.xcassets"; sourceTree = "<group>"; };
		79762A7426CE636A00186733 /* Info.plist */ = {isa = PBXFileReference; lastKnownFileType = text.plist.xml; path = Info.plist; sourceTree = "<group>"; };
		79762A7A26CE637500186733 /* Watch.swift */ = {isa = PBXFileReference; fileEncoding = 4; lastKnownFileType = sourcecode.swift; path = Watch.swift; sourceTree = "<group>"; };
		79762A7C26CE704D00186733 /* TimezoneList.swift */ = {isa = PBXFileReference; lastKnownFileType = sourcecode.swift; path = TimezoneList.swift; sourceTree = "<group>"; };
		79762A7E26CE732000186733 /* Person.swift */ = {isa = PBXFileReference; lastKnownFileType = sourcecode.swift; path = Person.swift; sourceTree = "<group>"; };
		79762A8226CE77B300186733 /* TimeManager.swift */ = {isa = PBXFileReference; lastKnownFileType = sourcecode.swift; path = TimeManager.swift; sourceTree = "<group>"; };
		79762A8526CEA5CC00186733 /* AddPersonView.swift */ = {isa = PBXFileReference; lastKnownFileType = sourcecode.swift; path = AddPersonView.swift; sourceTree = "<group>"; };
		79762A8726CEB87100186733 /* MainView.swift */ = {isa = PBXFileReference; lastKnownFileType = sourcecode.swift; path = MainView.swift; sourceTree = "<group>"; };
		79C6BCFA271ED26C00314327 /* PersonCircle.swift */ = {isa = PBXFileReference; lastKnownFileType = sourcecode.swift; path = PersonCircle.swift; sourceTree = "<group>"; };
		79C6BCFC271ED28C00314327 /* WatchDrawings.swift */ = {isa = PBXFileReference; lastKnownFileType = sourcecode.swift; path = WatchDrawings.swift; sourceTree = "<group>"; };
		79C6BCFE271EDACA00314327 /* ZoneChooser.swift */ = {isa = PBXFileReference; lastKnownFileType = sourcecode.swift; path = ZoneChooser.swift; sourceTree = "<group>"; };
		79C6BD01271EE78600314327 /* ImagePicker.swift */ = {isa = PBXFileReference; fileEncoding = 4; lastKnownFileType = sourcecode.swift; path = ImagePicker.swift; sourceTree = "<group>"; };
		79C6BD03271EEB3700314327 /* Extension-UIImage+ScaleImage.swift */ = {isa = PBXFileReference; lastKnownFileType = sourcecode.swift; path = "Extension-UIImage+ScaleImage.swift"; sourceTree = "<group>"; };
		79C6BD05271EEE7400314327 /* PersonsManagementView.swift */ = {isa = PBXFileReference; lastKnownFileType = sourcecode.swift; path = PersonsManagementView.swift; sourceTree = "<group>"; };
/* End PBXFileReference section */

/* Begin PBXFrameworksBuildPhase section */
		79762A6526CE635E00186733 /* Frameworks */ = {
			isa = PBXFrameworksBuildPhase;
			buildActionMask = 2147483647;
			files = (
			);
			runOnlyForDeploymentPostprocessing = 0;
		};
/* End PBXFrameworksBuildPhase section */

/* Begin PBXGroup section */
		79762A5F26CE635D00186733 = {
			isa = PBXGroup;
			children = (
				79762A6A26CE635E00186733 /* TimeZoner */,
				79762A6926CE635E00186733 /* Products */,
			);
			sourceTree = "<group>";
		};
		79762A6926CE635E00186733 /* Products */ = {
			isa = PBXGroup;
			children = (
				79762A6826CE635E00186733 /* TimeZoner.app */,
			);
			name = Products;
			sourceTree = "<group>";
		};
		79762A6A26CE635E00186733 /* TimeZoner */ = {
			isa = PBXGroup;
			children = (
				79762A6B26CE635E00186733 /* TimeZonerApp.swift */,
				79762A8126CE733300186733 /* Views */,
				79762A8426CE78AC00186733 /* ViewModel */,
				79762A8026CE732900186733 /* Model */,
				79762A7C26CE704D00186733 /* TimezoneList.swift */,
				79762A6F26CE636A00186733 /* Assets.xcassets */,
				79762A7426CE636A00186733 /* Info.plist */,
				79762A7126CE636A00186733 /* Preview Content */,
			);
			path = TimeZoner;
			sourceTree = "<group>";
		};
		79762A7126CE636A00186733 /* Preview Content */ = {
			isa = PBXGroup;
			children = (
				79762A7226CE636A00186733 /* Preview Assets.xcassets */,
			);
			path = "Preview Content";
			sourceTree = "<group>";
		};
		79762A8026CE732900186733 /* Model */ = {
			isa = PBXGroup;
			children = (
				79762A7E26CE732000186733 /* Person.swift */,
			);
			path = Model;
			sourceTree = "<group>";
		};
		79762A8126CE733300186733 /* Views */ = {
			isa = PBXGroup;
			children = (
				79762A8726CEB87100186733 /* MainView.swift */,
				79C6BCF9271ED24000314327 /* WatchView */,
				79C6BD00271EDB3600314327 /* AddPersonView */,
				79C6BD05271EEE7400314327 /* PersonsManagementView.swift */,
			);
			path = Views;
			sourceTree = "<group>";
		};
		79762A8426CE78AC00186733 /* ViewModel */ = {
			isa = PBXGroup;
			children = (
				79762A8226CE77B300186733 /* TimeManager.swift */,
			);
			path = ViewModel;
			sourceTree = "<group>";
		};
		79C6BCF9271ED24000314327 /* WatchView */ = {
			isa = PBXGroup;
			children = (
				79762A7A26CE637500186733 /* Watch.swift */,
				79C6BCFC271ED28C00314327 /* WatchDrawings.swift */,
				79C6BCFA271ED26C00314327 /* PersonCircle.swift */,
			);
			path = WatchView;
			sourceTree = "<group>";
		};
		79C6BD00271EDB3600314327 /* AddPersonView */ = {
			isa = PBXGroup;
			children = (
				79762A8526CEA5CC00186733 /* AddPersonView.swift */,
				79C6BCFE271EDACA00314327 /* ZoneChooser.swift */,
				79C6BD01271EE78600314327 /* ImagePicker.swift */,
				79C6BD03271EEB3700314327 /* Extension-UIImage+ScaleImage.swift */,
			);
			path = AddPersonView;
			sourceTree = "<group>";
		};
/* End PBXGroup section */

/* Begin PBXNativeTarget section */
		79762A6726CE635E00186733 /* TimeZoner */ = {
			isa = PBXNativeTarget;
			buildConfigurationList = 79762A7726CE636A00186733 /* Build configuration list for PBXNativeTarget "TimeZoner" */;
			buildPhases = (
				79762A6426CE635E00186733 /* Sources */,
				79762A6526CE635E00186733 /* Frameworks */,
				79762A6626CE635E00186733 /* Resources */,
			);
			buildRules = (
			);
			dependencies = (
			);
			name = TimeZoner;
			productName = TimeZoner;
			productReference = 79762A6826CE635E00186733 /* TimeZoner.app */;
			productType = "com.apple.product-type.application";
		};
/* End PBXNativeTarget section */

/* Begin PBXProject section */
		79762A6026CE635D00186733 /* Project object */ = {
			isa = PBXProject;
			attributes = {
				LastSwiftUpdateCheck = 1250;
				LastUpgradeCheck = 1250;
				TargetAttributes = {
					79762A6726CE635E00186733 = {
						CreatedOnToolsVersion = 12.5.1;
					};
				};
			};
			buildConfigurationList = 79762A6326CE635D00186733 /* Build configuration list for PBXProject "TimeZoner" */;
			compatibilityVersion = "Xcode 9.3";
			developmentRegion = en;
			hasScannedForEncodings = 0;
			knownRegions = (
				en,
				Base,
			);
			mainGroup = 79762A5F26CE635D00186733;
			productRefGroup = 79762A6926CE635E00186733 /* Products */;
			projectDirPath = "";
			projectRoot = "";
			targets = (
				79762A6726CE635E00186733 /* TimeZoner */,
			);
		};
/* End PBXProject section */

/* Begin PBXResourcesBuildPhase section */
		79762A6626CE635E00186733 /* Resources */ = {
			isa = PBXResourcesBuildPhase;
			buildActionMask = 2147483647;
			files = (
				79762A7326CE636A00186733 /* Preview Assets.xcassets in Resources */,
				79762A7026CE636A00186733 /* Assets.xcassets in Resources */,
			);
			runOnlyForDeploymentPostprocessing = 0;
		};
/* End PBXResourcesBuildPhase section */

/* Begin PBXSourcesBuildPhase section */
		79762A6426CE635E00186733 /* Sources */ = {
			isa = PBXSourcesBuildPhase;
			buildActionMask = 2147483647;
			files = (
				79762A7F26CE732000186733 /* Person.swift in Sources */,
				79762A8826CEB87100186733 /* MainView.swift in Sources */,
				79C6BD04271EEB3700314327 /* Extension-UIImage+ScaleImage.swift in Sources */,
				79762A7D26CE704D00186733 /* TimezoneList.swift in Sources */,
				79C6BCFF271EDACA00314327 /* ZoneChooser.swift in Sources */,
				79762A8326CE77B300186733 /* TimeManager.swift in Sources */,
				79762A7B26CE637500186733 /* Watch.swift in Sources */,
				79762A6C26CE635E00186733 /* TimeZonerApp.swift in Sources */,
				79C6BD02271EE78600314327 /* ImagePicker.swift in Sources */,
				79C6BCFD271ED28C00314327 /* WatchDrawings.swift in Sources */,
				79C6BCFB271ED26C00314327 /* PersonCircle.swift in Sources */,
				79C6BD06271EEE7400314327 /* PersonsManagementView.swift in Sources */,
				79762A8626CEA5CC00186733 /* AddPersonView.swift in Sources */,
			);
			runOnlyForDeploymentPostprocessing = 0;
		};
/* End PBXSourcesBuildPhase section */

/* Begin XCBuildConfiguration section */
		79762A7526CE636A00186733 /* Debug */ = {
			isa = XCBuildConfiguration;
			buildSettings = {
				ALWAYS_SEARCH_USER_PATHS = NO;
				CLANG_ANALYZER_NONNULL = YES;
				CLANG_ANALYZER_NUMBER_OBJECT_CONVERSION = YES_AGGRESSIVE;
				CLANG_CXX_LANGUAGE_STANDARD = "gnu++14";
				CLANG_CXX_LIBRARY = "libc++";
				CLANG_ENABLE_MODULES = YES;
				CLANG_ENABLE_OBJC_ARC = YES;
				CLANG_ENABLE_OBJC_WEAK = YES;
				CLANG_WARN_BLOCK_CAPTURE_AUTORELEASING = YES;
				CLANG_WARN_BOOL_CONVERSION = YES;
				CLANG_WARN_COMMA = YES;
				CLANG_WARN_CONSTANT_CONVERSION = YES;
				CLANG_WARN_DEPRECATED_OBJC_IMPLEMENTATIONS = YES;
				CLANG_WARN_DIRECT_OBJC_ISA_USAGE = YES_ERROR;
				CLANG_WARN_DOCUMENTATION_COMMENTS = YES;
				CLANG_WARN_EMPTY_BODY = YES;
				CLANG_WARN_ENUM_CONVERSION = YES;
				CLANG_WARN_INFINITE_RECURSION = YES;
				CLANG_WARN_INT_CONVERSION = YES;
				CLANG_WARN_NON_LITERAL_NULL_CONVERSION = YES;
				CLANG_WARN_OBJC_IMPLICIT_RETAIN_SELF = YES;
				CLANG_WARN_OBJC_LITERAL_CONVERSION = YES;
				CLANG_WARN_OBJC_ROOT_CLASS = YES_ERROR;
				CLANG_WARN_QUOTED_INCLUDE_IN_FRAMEWORK_HEADER = YES;
				CLANG_WARN_RANGE_LOOP_ANALYSIS = YES;
				CLANG_WARN_STRICT_PROTOTYPES = YES;
				CLANG_WARN_SUSPICIOUS_MOVE = YES;
				CLANG_WARN_UNGUARDED_AVAILABILITY = YES_AGGRESSIVE;
				CLANG_WARN_UNREACHABLE_CODE = YES;
				CLANG_WARN__DUPLICATE_METHOD_MATCH = YES;
				COPY_PHASE_STRIP = NO;
				DEBUG_INFORMATION_FORMAT = dwarf;
				ENABLE_STRICT_OBJC_MSGSEND = YES;
				ENABLE_TESTABILITY = YES;
				GCC_C_LANGUAGE_STANDARD = gnu11;
				GCC_DYNAMIC_NO_PIC = NO;
				GCC_NO_COMMON_BLOCKS = YES;
				GCC_OPTIMIZATION_LEVEL = 0;
				GCC_PREPROCESSOR_DEFINITIONS = (
					"DEBUG=1",
					"$(inherited)",
				);
				GCC_WARN_64_TO_32_BIT_CONVERSION = YES;
				GCC_WARN_ABOUT_RETURN_TYPE = YES_ERROR;
				GCC_WARN_UNDECLARED_SELECTOR = YES;
				GCC_WARN_UNINITIALIZED_AUTOS = YES_AGGRESSIVE;
				GCC_WARN_UNUSED_FUNCTION = YES;
				GCC_WARN_UNUSED_VARIABLE = YES;
				IPHONEOS_DEPLOYMENT_TARGET = 14.5;
				MTL_ENABLE_DEBUG_INFO = INCLUDE_SOURCE;
				MTL_FAST_MATH = YES;
				ONLY_ACTIVE_ARCH = YES;
				SDKROOT = iphoneos;
				SWIFT_ACTIVE_COMPILATION_CONDITIONS = DEBUG;
				SWIFT_OPTIMIZATION_LEVEL = "-Onone";
			};
			name = Debug;
		};
		79762A7626CE636A00186733 /* Release */ = {
			isa = XCBuildConfiguration;
			buildSettings = {
				ALWAYS_SEARCH_USER_PATHS = NO;
				CLANG_ANALYZER_NONNULL = YES;
				CLANG_ANALYZER_NUMBER_OBJECT_CONVERSION = YES_AGGRESSIVE;
				CLANG_CXX_LANGUAGE_STANDARD = "gnu++14";
				CLANG_CXX_LIBRARY = "libc++";
				CLANG_ENABLE_MODULES = YES;
				CLANG_ENABLE_OBJC_ARC = YES;
				CLANG_ENABLE_OBJC_WEAK = YES;
				CLANG_WARN_BLOCK_CAPTURE_AUTORELEASING = YES;
				CLANG_WARN_BOOL_CONVERSION = YES;
				CLANG_WARN_COMMA = YES;
				CLANG_WARN_CONSTANT_CONVERSION = YES;
				CLANG_WARN_DEPRECATED_OBJC_IMPLEMENTATIONS = YES;
				CLANG_WARN_DIRECT_OBJC_ISA_USAGE = YES_ERROR;
				CLANG_WARN_DOCUMENTATION_COMMENTS = YES;
				CLANG_WARN_EMPTY_BODY = YES;
				CLANG_WARN_ENUM_CONVERSION = YES;
				CLANG_WARN_INFINITE_RECURSION = YES;
				CLANG_WARN_INT_CONVERSION = YES;
				CLANG_WARN_NON_LITERAL_NULL_CONVERSION = YES;
				CLANG_WARN_OBJC_IMPLICIT_RETAIN_SELF = YES;
				CLANG_WARN_OBJC_LITERAL_CONVERSION = YES;
				CLANG_WARN_OBJC_ROOT_CLASS = YES_ERROR;
				CLANG_WARN_QUOTED_INCLUDE_IN_FRAMEWORK_HEADER = YES;
				CLANG_WARN_RANGE_LOOP_ANALYSIS = YES;
				CLANG_WARN_STRICT_PROTOTYPES = YES;
				CLANG_WARN_SUSPICIOUS_MOVE = YES;
				CLANG_WARN_UNGUARDED_AVAILABILITY = YES_AGGRESSIVE;
				CLANG_WARN_UNREACHABLE_CODE = YES;
				CLANG_WARN__DUPLICATE_METHOD_MATCH = YES;
				COPY_PHASE_STRIP = NO;
				DEBUG_INFORMATION_FORMAT = "dwarf-with-dsym";
				ENABLE_NS_ASSERTIONS = NO;
				ENABLE_STRICT_OBJC_MSGSEND = YES;
				GCC_C_LANGUAGE_STANDARD = gnu11;
				GCC_NO_COMMON_BLOCKS = YES;
				GCC_WARN_64_TO_32_BIT_CONVERSION = YES;
				GCC_WARN_ABOUT_RETURN_TYPE = YES_ERROR;
				GCC_WARN_UNDECLARED_SELECTOR = YES;
				GCC_WARN_UNINITIALIZED_AUTOS = YES_AGGRESSIVE;
				GCC_WARN_UNUSED_FUNCTION = YES;
				GCC_WARN_UNUSED_VARIABLE = YES;
				IPHONEOS_DEPLOYMENT_TARGET = 14.5;
				MTL_ENABLE_DEBUG_INFO = NO;
				MTL_FAST_MATH = YES;
				SDKROOT = iphoneos;
				SWIFT_COMPILATION_MODE = wholemodule;
				SWIFT_OPTIMIZATION_LEVEL = "-O";
				VALIDATE_PRODUCT = YES;
			};
			name = Release;
		};
		79762A7826CE636A00186733 /* Debug */ = {
			isa = XCBuildConfiguration;
			buildSettings = {
				ASSETCATALOG_COMPILER_APPICON_NAME = AppIcon;
				ASSETCATALOG_COMPILER_GLOBAL_ACCENT_COLOR_NAME = AccentColor;
				CODE_SIGN_STYLE = Automatic;
				DEVELOPMENT_ASSET_PATHS = "\"TimeZoner/Preview Content\"";
				DEVELOPMENT_TEAM = L2BC5TCSR5;
				ENABLE_PREVIEWS = YES;
				INFOPLIST_FILE = TimeZoner/Info.plist;
				IPHONEOS_DEPLOYMENT_TARGET = 14.0;
				LD_RUNPATH_SEARCH_PATHS = (
					"$(inherited)",
					"@executable_path/Frameworks",
				);
				PRODUCT_BUNDLE_IDENTIFIER = com.garageminfinita.TimeZoner;
				PRODUCT_NAME = "$(TARGET_NAME)";
				SWIFT_VERSION = 5.0;
				TARGETED_DEVICE_FAMILY = "1,2";
			};
			name = Debug;
		};
		79762A7926CE636A00186733 /* Release */ = {
			isa = XCBuildConfiguration;
			buildSettings = {
				ASSETCATALOG_COMPILER_APPICON_NAME = AppIcon;
				ASSETCATALOG_COMPILER_GLOBAL_ACCENT_COLOR_NAME = AccentColor;
				CODE_SIGN_STYLE = Automatic;
				DEVELOPMENT_ASSET_PATHS = "\"TimeZoner/Preview Content\"";
				DEVELOPMENT_TEAM = L2BC5TCSR5;
				ENABLE_PREVIEWS = YES;
				INFOPLIST_FILE = TimeZoner/Info.plist;
				IPHONEOS_DEPLOYMENT_TARGET = 14.0;
				LD_RUNPATH_SEARCH_PATHS = (
					"$(inherited)",
					"@executable_path/Frameworks",
				);
				PRODUCT_BUNDLE_IDENTIFIER = com.garageminfinita.TimeZoner;
				PRODUCT_NAME = "$(TARGET_NAME)";
				SWIFT_VERSION = 5.0;
				TARGETED_DEVICE_FAMILY = "1,2";
			};
			name = Release;
		};
/* End XCBuildConfiguration section */

/* Begin XCConfigurationList section */
		79762A6326CE635D00186733 /* Build configuration list for PBXProject "TimeZoner" */ = {
			isa = XCConfigurationList;
			buildConfigurations = (
				79762A7526CE636A00186733 /* Debug */,
				79762A7626CE636A00186733 /* Release */,
			);
			defaultConfigurationIsVisible = 0;
			defaultConfigurationName = Release;
		};
		79762A7726CE636A00186733 /* Build configuration list for PBXNativeTarget "TimeZoner" */ = {
			isa = XCConfigurationList;
			buildConfigurations = (
				79762A7826CE636A00186733 /* Debug */,
				79762A7926CE636A00186733 /* Release */,
			);
			defaultConfigurationIsVisible = 0;
			defaultConfigurationName = Release;
		};
/* End XCConfigurationList section */
	};
	rootObject = 79762A6026CE635D00186733 /* Project object */;
}
